
Microsoft Visual Studio Solution File, Format Version 12.00
# Visual Studio 15
VisualStudioVersion = 15.0.27130.2036
MinimumVisualStudioVersion = 10.0.40219.1
Project("{2150E333-8FDC-42A3-9474-1A3956D46DE8}") = "src", "src", "{55EE6CDA-C6F3-4701-B7BA-97DC65AD22B2}"
EndProject
Project("{2150E333-8FDC-42A3-9474-1A3956D46DE8}") = "test", "test", "{E877A7C6-6361-4BC8-B360-2AC7688219B1}"
EndProject
Project("{9A19103F-16F7-4668-BE54-9A1E7A4F7556}") = "SimpleToDo.Web", "SimpleToDo\SimpleToDo.Web.csproj", "{26627EFB-AD61-4212-A369-6606F1AA72BE}"
EndProject
Project("{9A19103F-16F7-4668-BE54-9A1E7A4F7556}") = "SimpleToDo.Model", "SimpleToDo.Model\SimpleToDo.Model.csproj", "{2C16EABA-A255-4A9D-98C1-77D9E513F22F}"
EndProject
Project("{9A19103F-16F7-4668-BE54-9A1E7A4F7556}") = "SimpleToDo.Repository", "SimpleToDo.Repository\SimpleToDo.Repository.csproj", "{28A5218A-4920-4606-9192-054734BDBFBC}"
EndProject
Project("{9A19103F-16F7-4668-BE54-9A1E7A4F7556}") = "SimpleToDo.Service", "SimpleToDo.Service\SimpleToDo.Service.csproj", "{A83A0288-2CBB-416C-88A3-D2590E74F8D4}"
EndProject
Project("{9A19103F-16F7-4668-BE54-9A1E7A4F7556}") = "SimpleToDo.Web.UnitTest", "SimpleToDo.Web.UnitTest\SimpleToDo.Web.UnitTest.csproj", "{2D00D8A0-C502-451F-A8A3-688B88C20DF8}"
EndProject
Project("{9A19103F-16F7-4668-BE54-9A1E7A4F7556}") = "SimpleToDo.Web.IntegrationTest", "SimpleToDo.Web.IntegrationTest\SimpleToDo.Web.IntegrationTest.csproj", "{EFF6A5F4-A63C-40F4-8A77-E2DFC7AD7EC9}"
EndProject
Project("{9A19103F-16F7-4668-BE54-9A1E7A4F7556}") = "SimpleToDo.Service.UnitTest", "SimpleToDo.Service.UnitTest\SimpleToDo.Service.UnitTest.csproj", "{1F56C317-F1A0-4972-8004-A5D8FA7934EA}"
EndProject
Project("{9A19103F-16F7-4668-BE54-9A1E7A4F7556}") = "SimpleToDo.Repository.UnitTest", "SimpleToDo.Repository.UnitTest\SimpleToDo.Repository.UnitTest.csproj", "{E8EDD911-BCFB-49EC-B88D-AC1B737C8E9C}"
EndProject
Project("{9A19103F-16F7-4668-BE54-9A1E7A4F7556}") = "SimpleToDo.Repository.IntegrationTest", "SimpleToDo.Repository.IntegrationTest\SimpleToDo.Repository.IntegrationTest.csproj", "{B83CCF4D-3090-4D41-A3DD-CCEE43032CC1}"
EndProject
Global
	GlobalSection(SolutionConfigurationPlatforms) = preSolution
		Debug|Any CPU = Debug|Any CPU
		Release|Any CPU = Release|Any CPU
	EndGlobalSection
	GlobalSection(ProjectConfigurationPlatforms) = postSolution
		{26627EFB-AD61-4212-A369-6606F1AA72BE}.Debug|Any CPU.ActiveCfg = Debug|Any CPU
		{26627EFB-AD61-4212-A369-6606F1AA72BE}.Debug|Any CPU.Build.0 = Debug|Any CPU
		{26627EFB-AD61-4212-A369-6606F1AA72BE}.Release|Any CPU.ActiveCfg = Release|Any CPU
		{26627EFB-AD61-4212-A369-6606F1AA72BE}.Release|Any CPU.Build.0 = Release|Any CPU
		{2C16EABA-A255-4A9D-98C1-77D9E513F22F}.Debug|Any CPU.ActiveCfg = Debug|Any CPU
		{2C16EABA-A255-4A9D-98C1-77D9E513F22F}.Debug|Any CPU.Build.0 = Debug|Any CPU
		{2C16EABA-A255-4A9D-98C1-77D9E513F22F}.Release|Any CPU.ActiveCfg = Release|Any CPU
		{2C16EABA-A255-4A9D-98C1-77D9E513F22F}.Release|Any CPU.Build.0 = Release|Any CPU
		{28A5218A-4920-4606-9192-054734BDBFBC}.Debug|Any CPU.ActiveCfg = Debug|Any CPU
		{28A5218A-4920-4606-9192-054734BDBFBC}.Debug|Any CPU.Build.0 = Debug|Any CPU
		{28A5218A-4920-4606-9192-054734BDBFBC}.Release|Any CPU.ActiveCfg = Release|Any CPU
		{28A5218A-4920-4606-9192-054734BDBFBC}.Release|Any CPU.Build.0 = Release|Any CPU
		{A83A0288-2CBB-416C-88A3-D2590E74F8D4}.Debug|Any CPU.ActiveCfg = Debug|Any CPU
		{A83A0288-2CBB-416C-88A3-D2590E74F8D4}.Debug|Any CPU.Build.0 = Debug|Any CPU
		{A83A0288-2CBB-416C-88A3-D2590E74F8D4}.Release|Any CPU.ActiveCfg = Release|Any CPU
		{A83A0288-2CBB-416C-88A3-D2590E74F8D4}.Release|Any CPU.Build.0 = Release|Any CPU
		{2D00D8A0-C502-451F-A8A3-688B88C20DF8}.Debug|Any CPU.ActiveCfg = Debug|Any CPU
		{2D00D8A0-C502-451F-A8A3-688B88C20DF8}.Debug|Any CPU.Build.0 = Debug|Any CPU
		{2D00D8A0-C502-451F-A8A3-688B88C20DF8}.Release|Any CPU.ActiveCfg = Release|Any CPU
		{2D00D8A0-C502-451F-A8A3-688B88C20DF8}.Release|Any CPU.Build.0 = Release|Any CPU
		{EFF6A5F4-A63C-40F4-8A77-E2DFC7AD7EC9}.Debug|Any CPU.ActiveCfg = Debug|Any CPU
		{EFF6A5F4-A63C-40F4-8A77-E2DFC7AD7EC9}.Debug|Any CPU.Build.0 = Debug|Any CPU
		{EFF6A5F4-A63C-40F4-8A77-E2DFC7AD7EC9}.Release|Any CPU.ActiveCfg = Release|Any CPU
		{EFF6A5F4-A63C-40F4-8A77-E2DFC7AD7EC9}.Release|Any CPU.Build.0 = Release|Any CPU
		{1F56C317-F1A0-4972-8004-A5D8FA7934EA}.Debug|Any CPU.ActiveCfg = Debug|Any CPU
		{1F56C317-F1A0-4972-8004-A5D8FA7934EA}.Debug|Any CPU.Build.0 = Debug|Any CPU
		{1F56C317-F1A0-4972-8004-A5D8FA7934EA}.Release|Any CPU.ActiveCfg = Release|Any CPU
		{1F56C317-F1A0-4972-8004-A5D8FA7934EA}.Release|Any CPU.Build.0 = Release|Any CPU
		{E8EDD911-BCFB-49EC-B88D-AC1B737C8E9C}.Debug|Any CPU.ActiveCfg = Debug|Any CPU
		{E8EDD911-BCFB-49EC-B88D-AC1B737C8E9C}.Debug|Any CPU.Build.0 = Debug|Any CPU
		{E8EDD911-BCFB-49EC-B88D-AC1B737C8E9C}.Release|Any CPU.ActiveCfg = Release|Any CPU
		{E8EDD911-BCFB-49EC-B88D-AC1B737C8E9C}.Release|Any CPU.Build.0 = Release|Any CPU
		{B83CCF4D-3090-4D41-A3DD-CCEE43032CC1}.Debug|Any CPU.ActiveCfg = Debug|Any CPU
		{B83CCF4D-3090-4D41-A3DD-CCEE43032CC1}.Debug|Any CPU.Build.0 = Debug|Any CPU
		{B83CCF4D-3090-4D41-A3DD-CCEE43032CC1}.Release|Any CPU.ActiveCfg = Release|Any CPU
		{B83CCF4D-3090-4D41-A3DD-CCEE43032CC1}.Release|Any CPU.Build.0 = Release|Any CPU
	EndGlobalSection
	GlobalSection(SolutionProperties) = preSolution
		HideSolutionNode = FALSE
	EndGlobalSection
	GlobalSection(NestedProjects) = preSolution
		{26627EFB-AD61-4212-A369-6606F1AA72BE} = {55EE6CDA-C6F3-4701-B7BA-97DC65AD22B2}
		{2C16EABA-A255-4A9D-98C1-77D9E513F22F} = {55EE6CDA-C6F3-4701-B7BA-97DC65AD22B2}
		{28A5218A-4920-4606-9192-054734BDBFBC} = {55EE6CDA-C6F3-4701-B7BA-97DC65AD22B2}
		{A83A0288-2CBB-416C-88A3-D2590E74F8D4} = {55EE6CDA-C6F3-4701-B7BA-97DC65AD22B2}
		{2D00D8A0-C502-451F-A8A3-688B88C20DF8} = {E877A7C6-6361-4BC8-B360-2AC7688219B1}
		{EFF6A5F4-A63C-40F4-8A77-E2DFC7AD7EC9} = {E877A7C6-6361-4BC8-B360-2AC7688219B1}
		{1F56C317-F1A0-4972-8004-A5D8FA7934EA} = {E877A7C6-6361-4BC8-B360-2AC7688219B1}
		{E8EDD911-BCFB-49EC-B88D-AC1B737C8E9C} = {E877A7C6-6361-4BC8-B360-2AC7688219B1}
		{B83CCF4D-3090-4D41-A3DD-CCEE43032CC1} = {E877A7C6-6361-4BC8-B360-2AC7688219B1}
	EndGlobalSection
	GlobalSection(ExtensibilityGlobals) = postSolution
		SolutionGuid = {054DB565-0C66-4BD1-99FD-527FCC7CA252}
	EndGlobalSection
EndGlobal
